// !$*UTF8*$!
{
	archiveVersion = 1;
	classes = {
	};
	objectVersion = 50;
	objects = {

/* Begin PBXBuildFile section */
		1ABA4F6C25C141A300915012 /* AppDelegate.swift in Sources */ = {isa = PBXBuildFile; fileRef = 1ABA4F6B25C141A300915012 /* AppDelegate.swift */; };
		1ABA4F6E25C141A300915012 /* SceneDelegate.swift in Sources */ = {isa = PBXBuildFile; fileRef = 1ABA4F6D25C141A300915012 /* SceneDelegate.swift */; };
		1ABA4F7025C141A300915012 /* ViewController.swift in Sources */ = {isa = PBXBuildFile; fileRef = 1ABA4F6F25C141A300915012 /* ViewController.swift */; };
		1ABA4F7325C141A300915012 /* Main.storyboard in Resources */ = {isa = PBXBuildFile; fileRef = 1ABA4F7125C141A300915012 /* Main.storyboard */; };
		1ABA4F7625C141A300915012 /* LittlePick.xcdatamodeld in Sources */ = {isa = PBXBuildFile; fileRef = 1ABA4F7425C141A300915012 /* LittlePick.xcdatamodeld */; };
		1ABA4F7825C141A500915012 /* Assets.xcassets in Resources */ = {isa = PBXBuildFile; fileRef = 1ABA4F7725C141A500915012 /* Assets.xcassets */; };
		1ABA4F7B25C141A500915012 /* LaunchScreen.storyboard in Resources */ = {isa = PBXBuildFile; fileRef = 1ABA4F7925C141A500915012 /* LaunchScreen.storyboard */; };
/* End PBXBuildFile section */

/* Begin PBXFileReference section */
		1ABA4F6825C141A300915012 /* LittlePick.app */ = {isa = PBXFileReference; explicitFileType = wrapper.application; includeInIndex = 0; path = LittlePick.app; sourceTree = BUILT_PRODUCTS_DIR; };
		1ABA4F6B25C141A300915012 /* AppDelegate.swift */ = {isa = PBXFileReference; lastKnownFileType = sourcecode.swift; path = AppDelegate.swift; sourceTree = "<group>"; };
		1ABA4F6D25C141A300915012 /* SceneDelegate.swift */ = {isa = PBXFileReference; lastKnownFileType = sourcecode.swift; path = SceneDelegate.swift; sourceTree = "<group>"; };
		1ABA4F6F25C141A300915012 /* ViewController.swift */ = {isa = PBXFileReference; lastKnownFileType = sourcecode.swift; path = ViewController.swift; sourceTree = "<group>"; };
		1ABA4F7225C141A300915012 /* Base */ = {isa = PBXFileReference; lastKnownFileType = file.storyboard; name = Base; path = Base.lproj/Main.storyboard; sourceTree = "<group>"; };
		1ABA4F7525C141A300915012 /* LittlePick.xcdatamodel */ = {isa = PBXFileReference; lastKnownFileType = wrapper.xcdatamodel; path = LittlePick.xcdatamodel; sourceTree = "<group>"; };
		1ABA4F7725C141A500915012 /* Assets.xcassets */ = {isa = PBXFileReference; lastKnownFileType = folder.assetcatalog; path = Assets.xcassets; sourceTree = "<group>"; };
		1ABA4F7A25C141A500915012 /* Base */ = {isa = PBXFileReference; lastKnownFileType = file.storyboard; name = Base; path = Base.lproj/LaunchScreen.storyboard; sourceTree = "<group>"; };
		1ABA4F7C25C141A500915012 /* Info.plist */ = {isa = PBXFileReference; lastKnownFileType = text.plist.xml; path = Info.plist; sourceTree = "<group>"; };
/* End PBXFileReference section */

/* Begin PBXFrameworksBuildPhase section */
		1ABA4F6525C141A300915012 /* Frameworks */ = {
			isa = PBXFrameworksBuildPhase;
			buildActionMask = 2147483647;
			files = (
			);
			runOnlyForDeploymentPostprocessing = 0;
		};
/* End PBXFrameworksBuildPhase section */

/* Begin PBXGroup section */
		1ABA4F5F25C141A300915012 = {
			isa = PBXGroup;
			children = (
				1ABA4F6A25C141A300915012 /* LittlePick */,
				1ABA4F6925C141A300915012 /* Products */,
			);
			sourceTree = "<group>";
		};
		1ABA4F6925C141A300915012 /* Products */ = {
			isa = PBXGroup;
			children = (
				1ABA4F6825C141A300915012 /* LittlePick.app */,
			);
			name = Products;
			sourceTree = "<group>";
		};
		1ABA4F6A25C141A300915012 /* LittlePick */ = {
			isa = PBXGroup;
			children = (
				1ABA4F6B25C141A300915012 /* AppDelegate.swift */,
				1ABA4F6D25C141A300915012 /* SceneDelegate.swift */,
				1ABA4F6F25C141A300915012 /* ViewController.swift */,
				1ABA4F7125C141A300915012 /* Main.storyboard */,
				1ABA4F7725C141A500915012 /* Assets.xcassets */,
				1ABA4F7925C141A500915012 /* LaunchScreen.storyboard */,
				1ABA4F7C25C141A500915012 /* Info.plist */,
				1ABA4F7425C141A300915012 /* LittlePick.xcdatamodeld */,
			);
			path = LittlePick;
			sourceTree = "<group>";
		};
/* End PBXGroup section */

/* Begin PBXNativeTarget section */
		1ABA4F6725C141A300915012 /* LittlePick */ = {
			isa = PBXNativeTarget;
			buildConfigurationList = 1ABA4F7F25C141A500915012 /* Build configuration list for PBXNativeTarget "LittlePick" */;
			buildPhases = (
				1ABA4F6425C141A300915012 /* Sources */,
				1ABA4F6525C141A300915012 /* Frameworks */,
				1ABA4F6625C141A300915012 /* Resources */,
			);
			buildRules = (
			);
			dependencies = (
			);
			name = LittlePick;
			productName = LittlePick;
			productReference = 1ABA4F6825C141A300915012 /* LittlePick.app */;
			productType = "com.apple.product-type.application";
		};
/* End PBXNativeTarget section */

/* Begin PBXProject section */
		1ABA4F6025C141A300915012 /* Project object */ = {
			isa = PBXProject;
			attributes = {
				LastSwiftUpdateCheck = 1210;
				LastUpgradeCheck = 1210;
				TargetAttributes = {
					1ABA4F6725C141A300915012 = {
						CreatedOnToolsVersion = 12.1.1;
					};
				};
			};
			buildConfigurationList = 1ABA4F6325C141A300915012 /* Build configuration list for PBXProject "LittlePick" */;
			compatibilityVersion = "Xcode 9.3";
			developmentRegion = en;
			hasScannedForEncodings = 0;
			knownRegions = (
				en,
				Base,
			);
			mainGroup = 1ABA4F5F25C141A300915012;
			productRefGroup = 1ABA4F6925C141A300915012 /* Products */;
			projectDirPath = "";
			projectRoot = "";
			targets = (
				1ABA4F6725C141A300915012 /* LittlePick */,
			);
		};
/* End PBXProject section */

/* Begin PBXResourcesBuildPhase section */
		1ABA4F6625C141A300915012 /* Resources */ = {
			isa = PBXResourcesBuildPhase;
			buildActionMask = 2147483647;
			files = (
				1ABA4F7B25C141A500915012 /* LaunchScreen.storyboard in Resources */,
				1ABA4F7825C141A500915012 /* Assets.xcassets in Resources */,
				1ABA4F7325C141A300915012 /* Main.storyboard in Resources */,
			);
			runOnlyForDeploymentPostprocessing = 0;
		};
/* End PBXResourcesBuildPhase section */

/* Begin PBXSourcesBuildPhase section */
		1ABA4F6425C141A300915012 /* Sources */ = {
			isa = PBXSourcesBuildPhase;
			buildActionMask = 2147483647;
			files = (
				1ABA4F7625C141A300915012 /* LittlePick.xcdatamodeld in Sources */,
				1ABA4F7025C141A300915012 /* ViewController.swift in Sources */,
				1ABA4F6C25C141A300915012 /* AppDelegate.swift in Sources */,
				1ABA4F6E25C141A300915012 /* SceneDelegate.swift in Sources */,
			);
			runOnlyForDeploymentPostprocessing = 0;
		};
/* End PBXSourcesBuildPhase section */

/* Begin PBXVariantGroup section */
		1ABA4F7125C141A300915012 /* Main.storyboard */ = {
			isa = PBXVariantGroup;
			children = (
				1ABA4F7225C141A300915012 /* Base */,
			);
			name = Main.storyboard;
			sourceTree = "<group>";
		};
		1ABA4F7925C141A500915012 /* LaunchScreen.storyboard */ = {
			isa = PBXVariantGroup;
			children = (
				1ABA4F7A25C141A500915012 /* Base */,
			);
			name = LaunchScreen.storyboard;
			sourceTree = "<group>";
		};
/* End PBXVariantGroup section */

/* Begin XCBuildConfiguration section */
		1ABA4F7D25C141A500915012 /* Debug */ = {
			isa = XCBuildConfiguration;
			buildSettings = {
				ALWAYS_SEARCH_USER_PATHS = NO;
				CLANG_ANALYZER_NONNULL = YES;
				CLANG_ANALYZER_NUMBER_OBJECT_CONVERSION = YES_AGGRESSIVE;
				CLANG_CXX_LANGUAGE_STANDARD = "gnu++14";
				CLANG_CXX_LIBRARY = "libc++";
				CLANG_ENABLE_MODULES = YES;
				CLANG_ENABLE_OBJC_ARC = YES;
				CLANG_ENABLE_OBJC_WEAK = YES;
				CLANG_WARN_BLOCK_CAPTURE_AUTORELEASING = YES;
				CLANG_WARN_BOOL_CONVERSION = YES;
				CLANG_WARN_COMMA = YES;
				CLANG_WARN_CONSTANT_CONVERSION = YES;
				CLANG_WARN_DEPRECATED_OBJC_IMPLEMENTATIONS = YES;
				CLANG_WARN_DIRECT_OBJC_ISA_USAGE = YES_ERROR;
				CLANG_WARN_DOCUMENTATION_COMMENTS = YES;
				CLANG_WARN_EMPTY_BODY = YES;
				CLANG_WARN_ENUM_CONVERSION = YES;
				CLANG_WARN_INFINITE_RECURSION = YES;
				CLANG_WARN_INT_CONVERSION = YES;
				CLANG_WARN_NON_LITERAL_NULL_CONVERSION = YES;
				CLANG_WARN_OBJC_IMPLICIT_RETAIN_SELF = YES;
				CLANG_WARN_OBJC_LITERAL_CONVERSION = YES;
				CLANG_WARN_OBJC_ROOT_CLASS = YES_ERROR;
				CLANG_WARN_QUOTED_INCLUDE_IN_FRAMEWORK_HEADER = YES;
				CLANG_WARN_RANGE_LOOP_ANALYSIS = YES;
				CLANG_WARN_STRICT_PROTOTYPES = YES;
				CLANG_WARN_SUSPICIOUS_MOVE = YES;
				CLANG_WARN_UNGUARDED_AVAILABILITY = YES_AGGRESSIVE;
				CLANG_WARN_UNREACHABLE_CODE = YES;
				CLANG_WARN__DUPLICATE_METHOD_MATCH = YES;
				COPY_PHASE_STRIP = NO;
				DEBUG_INFORMATION_FORMAT = dwarf;
				ENABLE_STRICT_OBJC_MSGSEND = YES;
				ENABLE_TESTABILITY = YES;
				GCC_C_LANGUAGE_STANDARD = gnu11;
				GCC_DYNAMIC_NO_PIC = NO;
				GCC_NO_COMMON_BLOCKS = YES;
				GCC_OPTIMIZATION_LEVEL = 0;
				GCC_PREPROCESSOR_DEFINITIONS = (
					"DEBUG=1",
					"$(inherited)",
				);
				GCC_WARN_64_TO_32_BIT_CONVERSION = YES;
				GCC_WARN_ABOUT_RETURN_TYPE = YES_ERROR;
				GCC_WARN_UNDECLARED_SELECTOR = YES;
				GCC_WARN_UNINITIALIZED_AUTOS = YES_AGGRESSIVE;
				GCC_WARN_UNUSED_FUNCTION = YES;
				GCC_WARN_UNUSED_VARIABLE = YES;
				IPHONEOS_DEPLOYMENT_TARGET = 14.2;
				MTL_ENABLE_DEBUG_INFO = INCLUDE_SOURCE;
				MTL_FAST_MATH = YES;
				ONLY_ACTIVE_ARCH = YES;
				SDKROOT = iphoneos;
				SWIFT_ACTIVE_COMPILATION_CONDITIONS = DEBUG;
				SWIFT_OPTIMIZATION_LEVEL = "-Onone";
			};
			name = Debug;
		};
		1ABA4F7E25C141A500915012 /* Release */ = {
			isa = XCBuildConfiguration;
			buildSettings = {
				ALWAYS_SEARCH_USER_PATHS = NO;
				CLANG_ANALYZER_NONNULL = YES;
				CLANG_ANALYZER_NUMBER_OBJECT_CONVERSION = YES_AGGRESSIVE;
				CLANG_CXX_LANGUAGE_STANDARD = "gnu++14";
				CLANG_CXX_LIBRARY = "libc++";
				CLANG_ENABLE_MODULES = YES;
				CLANG_ENABLE_OBJC_ARC = YES;
				CLANG_ENABLE_OBJC_WEAK = YES;
				CLANG_WARN_BLOCK_CAPTURE_AUTORELEASING = YES;
				CLANG_WARN_BOOL_CONVERSION = YES;
				CLANG_WARN_COMMA = YES;
				CLANG_WARN_CONSTANT_CONVERSION = YES;
				CLANG_WARN_DEPRECATED_OBJC_IMPLEMENTATIONS = YES;
				CLANG_WARN_DIRECT_OBJC_ISA_USAGE = YES_ERROR;
				CLANG_WARN_DOCUMENTATION_COMMENTS = YES;
				CLANG_WARN_EMPTY_BODY = YES;
				CLANG_WARN_ENUM_CONVERSION = YES;
				CLANG_WARN_INFINITE_RECURSION = YES;
				CLANG_WARN_INT_CONVERSION = YES;
				CLANG_WARN_NON_LITERAL_NULL_CONVERSION = YES;
				CLANG_WARN_OBJC_IMPLICIT_RETAIN_SELF = YES;
				CLANG_WARN_OBJC_LITERAL_CONVERSION = YES;
				CLANG_WARN_OBJC_ROOT_CLASS = YES_ERROR;
				CLANG_WARN_QUOTED_INCLUDE_IN_FRAMEWORK_HEADER = YES;
				CLANG_WARN_RANGE_LOOP_ANALYSIS = YES;
				CLANG_WARN_STRICT_PROTOTYPES = YES;
				CLANG_WARN_SUSPICIOUS_MOVE = YES;
				CLANG_WARN_UNGUARDED_AVAILABILITY = YES_AGGRESSIVE;
				CLANG_WARN_UNREACHABLE_CODE = YES;
				CLANG_WARN__DUPLICATE_METHOD_MATCH = YES;
				COPY_PHASE_STRIP = NO;
				DEBUG_INFORMATION_FORMAT = "dwarf-with-dsym";
				ENABLE_NS_ASSERTIONS = NO;
				ENABLE_STRICT_OBJC_MSGSEND = YES;
				GCC_C_LANGUAGE_STANDARD = gnu11;
				GCC_NO_COMMON_BLOCKS = YES;
				GCC_WARN_64_TO_32_BIT_CONVERSION = YES;
				GCC_WARN_ABOUT_RETURN_TYPE = YES_ERROR;
				GCC_WARN_UNDECLARED_SELECTOR = YES;
				GCC_WARN_UNINITIALIZED_AUTOS = YES_AGGRESSIVE;
				GCC_WARN_UNUSED_FUNCTION = YES;
				GCC_WARN_UNUSED_VARIABLE = YES;
				IPHONEOS_DEPLOYMENT_TARGET = 14.2;
				MTL_ENABLE_DEBUG_INFO = NO;
				MTL_FAST_MATH = YES;
				SDKROOT = iphoneos;
				SWIFT_COMPILATION_MODE = wholemodule;
				SWIFT_OPTIMIZATION_LEVEL = "-O";
				VALIDATE_PRODUCT = YES;
			};
			name = Release;
		};
		1ABA4F8025C141A500915012 /* Debug */ = {
			isa = XCBuildConfiguration;
			buildSettings = {
				ASSETCATALOG_COMPILER_APPICON_NAME = AppIcon;
				ASSETCATALOG_COMPILER_GLOBAL_ACCENT_COLOR_NAME = AccentColor;
				CODE_SIGN_STYLE = Automatic;
				DEVELOPMENT_TEAM = FK3TYM93T8;
				INFOPLIST_FILE = LittlePick/Info.plist;
				LD_RUNPATH_SEARCH_PATHS = (
					"$(inherited)",
					"@executable_path/Frameworks",
				);
				PRODUCT_BUNDLE_IDENTIFIER = com.zy.LittlePick;
				PRODUCT_NAME = "$(TARGET_NAME)";
				SWIFT_VERSION = 5.0;
				TARGETED_DEVICE_FAMILY = "1,2";
			};
			name = Debug;
		};
		1ABA4F8125C141A500915012 /* Release */ = {
			isa = XCBuildConfiguration;
			buildSettings = {
				ASSETCATALOG_COMPILER_APPICON_NAME = AppIcon;
				ASSETCATALOG_COMPILER_GLOBAL_ACCENT_COLOR_NAME = AccentColor;
				CODE_SIGN_STYLE = Automatic;
				DEVELOPMENT_TEAM = FK3TYM93T8;
				INFOPLIST_FILE = LittlePick/Info.plist;
				LD_RUNPATH_SEARCH_PATHS = (
					"$(inherited)",
					"@executable_path/Frameworks",
				);
				PRODUCT_BUNDLE_IDENTIFIER = com.zy.LittlePick;
				PRODUCT_NAME = "$(TARGET_NAME)";
				SWIFT_VERSION = 5.0;
				TARGETED_DEVICE_FAMILY = "1,2";
			};
			name = Release;
		};
/* End XCBuildConfiguration section */

/* Begin XCConfigurationList section */
		1ABA4F6325C141A300915012 /* Build configuration list for PBXProject "LittlePick" */ = {
			isa = XCConfigurationList;
			buildConfigurations = (
				1ABA4F7D25C141A500915012 /* Debug */,
				1ABA4F7E25C141A500915012 /* Release */,
			);
			defaultConfigurationIsVisible = 0;
			defaultConfigurationName = Release;
		};
		1ABA4F7F25C141A500915012 /* Build configuration list for PBXNativeTarget "LittlePick" */ = {
			isa = XCConfigurationList;
			buildConfigurations = (
				1ABA4F8025C141A500915012 /* Debug */,
				1ABA4F8125C141A500915012 /* Release */,
			);
			defaultConfigurationIsVisible = 0;
			defaultConfigurationName = Release;
		};
/* End XCConfigurationList section */

/* Begin XCVersionGroup section */
		1ABA4F7425C141A300915012 /* LittlePick.xcdatamodeld */ = {
			isa = XCVersionGroup;
			children = (
				1ABA4F7525C141A300915012 /* LittlePick.xcdatamodel */,
			);
			currentVersion = 1ABA4F7525C141A300915012 /* LittlePick.xcdatamodel */;
			path = LittlePick.xcdatamodeld;
			sourceTree = "<group>";
			versionGroupType = wrapper.xcdatamodel;
		};
/* End XCVersionGroup section */
	};
	rootObject = 1ABA4F6025C141A300915012 /* Project object */;
}
